
Microsoft Visual Studio Solution File, Format Version 12.00
# Visual Studio Version 16
VisualStudioVersion = 16.0.30330.147
MinimumVisualStudioVersion = 10.0.40219.1
Project("{FAE04EC0-301F-11D3-BF4B-00C04F79EFBC}") = "BackBlak", "BackBlak.csproj", "{480E0232-012A-4B17-83A5-11FC94A9FCF5}"
EndProject
Global
	GlobalSection(SolutionConfigurationPlatforms) = preSolution
		Debug|Any CPU = Debug|Any CPU
		Release|Any CPU = Release|Any CPU
	EndGlobalSection
	GlobalSection(ProjectConfigurationPlatforms) = postSolution
		{480E0232-012A-4B17-83A5-11FC94A9FCF5}.Debug|Any CPU.ActiveCfg = Debug|Any CPU
		{480E0232-012A-4B17-83A5-11FC94A9FCF5}.Debug|Any CPU.Build.0 = Debug|Any CPU
		{480E0232-012A-4B17-83A5-11FC94A9FCF5}.Release|Any CPU.ActiveCfg = Release|Any CPU
		{480E0232-012A-4B17-83A5-11FC94A9FCF5}.Release|Any CPU.Build.0 = Release|Any CPU
	EndGlobalSection
	GlobalSection(SolutionProperties) = preSolution
		HideSolutionNode = FALSE
	EndGlobalSection
	GlobalSection(ExtensibilityGlobals) = postSolution
		SolutionGuid = {9E0B8D52-3C3A-49DF-828F-096C90336C11}
	EndGlobalSection
EndGlobal
